[{<<"eredis">>,
  {git,"https://github.com/wooga/eredis.git",
       {ref,"bf12ecb30253c84a2331f4f0d93fd68856fcb9f4"}},
  1},
 {<<"goldrush">>,
  {git,"git://github.com/DeadZen/goldrush.git",
       {ref,"212299233c7e7eb63a97be2777e1c05ebaa58dbe"}},
  1},
 {<<"im_redis">>,
  {git,"https://github.com/wcy123/im_redis.git",
       {ref,"5e309befdc9f5da788a97f17d5fc5980af8f4efd"}},
  0},
 {<<"lager">>,
  {git,"https://github.com/basho/lager.git",
       {ref,"8187757388c9adc915379caaab36a2f2ca26e944"}},
  0},
 {<<"mochiweb">>,
  {git,"https://github.com/mochi/mochiweb",
       {ref,"62eac24c69e0704ea5ee1a439f1d4992a21d2a9a"}},
  0},
 {<<"poolboy">>,
  {git,"https://github.com/devinus/poolboy.git",
       {ref,"3bb3972617b3706b7fda6e264bf6bdaefbb833cd"}},
  1}].
